// !$*UTF8*$!
{
	archiveVersion = 1;
	classes = {
	};
	objectVersion = 46;
	objects = {

/* Begin PBXBuildFile section */
		D337085C1E291E2A00DF6FBE /* Fabric.framework in Frameworks */ = {isa = PBXBuildFile; fileRef = D33708581E291E2A00DF6FBE /* Fabric.framework */; };
		D337085D1E291E2A00DF6FBE /* TwitterKit.framework in Frameworks */ = {isa = PBXBuildFile; fileRef = D33708591E291E2A00DF6FBE /* TwitterKit.framework */; };
		D337085E1E291E2A00DF6FBE /* TwitterKitResources.bundle in Resources */ = {isa = PBXBuildFile; fileRef = D337085A1E291E2A00DF6FBE /* TwitterKitResources.bundle */; };
		D337085F1E291E2A00DF6FBE /* TwitterCore.framework in Frameworks */ = {isa = PBXBuildFile; fileRef = D337085B1E291E2A00DF6FBE /* TwitterCore.framework */; };
		D33708611E2929E000DF6FBE /* SearchTimelineViewController.swift in Sources */ = {isa = PBXBuildFile; fileRef = D33708601E2929E000DF6FBE /* SearchTimelineViewController.swift */; };
		D3B3F8B91E28EEF2008FD767 /* AppDelegate.swift in Sources */ = {isa = PBXBuildFile; fileRef = D3B3F8B81E28EEF2008FD767 /* AppDelegate.swift */; };
		D3B3F8BB1E28EEF2008FD767 /* ViewController.swift in Sources */ = {isa = PBXBuildFile; fileRef = D3B3F8BA1E28EEF2008FD767 /* ViewController.swift */; };
		D3B3F8BE1E28EEF2008FD767 /* Main.storyboard in Resources */ = {isa = PBXBuildFile; fileRef = D3B3F8BC1E28EEF2008FD767 /* Main.storyboard */; };
		D3B3F8C01E28EEF2008FD767 /* Assets.xcassets in Resources */ = {isa = PBXBuildFile; fileRef = D3B3F8BF1E28EEF2008FD767 /* Assets.xcassets */; };
		D3B3F8C31E28EEF2008FD767 /* LaunchScreen.storyboard in Resources */ = {isa = PBXBuildFile; fileRef = D3B3F8C11E28EEF2008FD767 /* LaunchScreen.storyboard */; };
/* End PBXBuildFile section */

/* Begin PBXFileReference section */
		D33708581E291E2A00DF6FBE /* Fabric.framework */ = {isa = PBXFileReference; lastKnownFileType = wrapper.framework; name = Fabric.framework; path = ../Fabric.framework; sourceTree = "<group>"; };
		D33708591E291E2A00DF6FBE /* TwitterKit.framework */ = {isa = PBXFileReference; lastKnownFileType = wrapper.framework; name = TwitterKit.framework; path = ../TwitterKit.framework; sourceTree = "<group>"; };
		D337085A1E291E2A00DF6FBE /* TwitterKitResources.bundle */ = {isa = PBXFileReference; lastKnownFileType = "wrapper.plug-in"; name = TwitterKitResources.bundle; path = ../TwitterKit.framework/Versions/A/Resources/TwitterKitResources.bundle; sourceTree = "<group>"; };
		D337085B1E291E2A00DF6FBE /* TwitterCore.framework */ = {isa = PBXFileReference; lastKnownFileType = wrapper.framework; name = TwitterCore.framework; path = ../TwitterCore.framework; sourceTree = "<group>"; };
		D33708601E2929E000DF6FBE /* SearchTimelineViewController.swift */ = {isa = PBXFileReference; fileEncoding = 4; lastKnownFileType = sourcecode.swift; path = SearchTimelineViewController.swift; sourceTree = "<group>"; };
		D3B3F8B51E28EEF2008FD767 /* GeoTweetLPiOS.app */ = {isa = PBXFileReference; explicitFileType = wrapper.application; includeInIndex = 0; path = GeoTweetLPiOS.app; sourceTree = BUILT_PRODUCTS_DIR; };
		D3B3F8B81E28EEF2008FD767 /* AppDelegate.swift */ = {isa = PBXFileReference; lastKnownFileType = sourcecode.swift; path = AppDelegate.swift; sourceTree = "<group>"; };
		D3B3F8BA1E28EEF2008FD767 /* ViewController.swift */ = {isa = PBXFileReference; lastKnownFileType = sourcecode.swift; path = ViewController.swift; sourceTree = "<group>"; };
		D3B3F8BD1E28EEF2008FD767 /* Base */ = {isa = PBXFileReference; lastKnownFileType = file.storyboard; name = Base; path = Base.lproj/Main.storyboard; sourceTree = "<group>"; };
		D3B3F8BF1E28EEF2008FD767 /* Assets.xcassets */ = {isa = PBXFileReference; lastKnownFileType = folder.assetcatalog; path = Assets.xcassets; sourceTree = "<group>"; };
		D3B3F8C21E28EEF2008FD767 /* Base */ = {isa = PBXFileReference; lastKnownFileType = file.storyboard; name = Base; path = Base.lproj/LaunchScreen.storyboard; sourceTree = "<group>"; };
		D3B3F8C41E28EEF2008FD767 /* Info.plist */ = {isa = PBXFileReference; lastKnownFileType = text.plist.xml; path = Info.plist; sourceTree = "<group>"; };
/* End PBXFileReference section */

/* Begin PBXFrameworksBuildPhase section */
		D3B3F8B21E28EEF2008FD767 /* Frameworks */ = {
			isa = PBXFrameworksBuildPhase;
			buildActionMask = 2147483647;
			files = (
				D337085C1E291E2A00DF6FBE /* Fabric.framework in Frameworks */,
				D337085F1E291E2A00DF6FBE /* TwitterCore.framework in Frameworks */,
				D337085D1E291E2A00DF6FBE /* TwitterKit.framework in Frameworks */,
			);
			runOnlyForDeploymentPostprocessing = 0;
		};
/* End PBXFrameworksBuildPhase section */

/* Begin PBXGroup section */
		D3B3F8AC1E28EEF1008FD767 = {
			isa = PBXGroup;
			children = (
				D3B3F8B71E28EEF2008FD767 /* GeoTweetLPiOS */,
				D3B3F8B61E28EEF2008FD767 /* Products */,
			);
			sourceTree = "<group>";
		};
		D3B3F8B61E28EEF2008FD767 /* Products */ = {
			isa = PBXGroup;
			children = (
				D3B3F8B51E28EEF2008FD767 /* GeoTweetLPiOS.app */,
			);
			name = Products;
			sourceTree = "<group>";
		};
		D3B3F8B71E28EEF2008FD767 /* GeoTweetLPiOS */ = {
			isa = PBXGroup;
			children = (
				D33708581E291E2A00DF6FBE /* Fabric.framework */,
				D33708591E291E2A00DF6FBE /* TwitterKit.framework */,
				D337085A1E291E2A00DF6FBE /* TwitterKitResources.bundle */,
				D337085B1E291E2A00DF6FBE /* TwitterCore.framework */,
				D3B3F8B81E28EEF2008FD767 /* AppDelegate.swift */,
				D3B3F8BA1E28EEF2008FD767 /* ViewController.swift */,
				D3B3F8BC1E28EEF2008FD767 /* Main.storyboard */,
				D3B3F8BF1E28EEF2008FD767 /* Assets.xcassets */,
				D3B3F8C11E28EEF2008FD767 /* LaunchScreen.storyboard */,
				D3B3F8C41E28EEF2008FD767 /* Info.plist */,
				D33708601E2929E000DF6FBE /* SearchTimelineViewController.swift */,
			);
			path = GeoTweetLPiOS;
			sourceTree = "<group>";
		};
/* End PBXGroup section */

/* Begin PBXNativeTarget section */
		D3B3F8B41E28EEF2008FD767 /* GeoTweetLPiOS */ = {
			isa = PBXNativeTarget;
			buildConfigurationList = D3B3F8C71E28EEF2008FD767 /* Build configuration list for PBXNativeTarget "GeoTweetLPiOS" */;
			buildPhases = (
				D3B3F8B11E28EEF2008FD767 /* Sources */,
				D3B3F8B21E28EEF2008FD767 /* Frameworks */,
				D3B3F8B31E28EEF2008FD767 /* Resources */,
				D33708571E291DD200DF6FBE /* ShellScript */,
			);
			buildRules = (
			);
			dependencies = (
			);
			name = GeoTweetLPiOS;
			productName = GeoTweetLPiOS;
			productReference = D3B3F8B51E28EEF2008FD767 /* GeoTweetLPiOS.app */;
			productType = "com.apple.product-type.application";
		};
/* End PBXNativeTarget section */

/* Begin PBXProject section */
		D3B3F8AD1E28EEF1008FD767 /* Project object */ = {
			isa = PBXProject;
			attributes = {
				LastSwiftUpdateCheck = 0800;
				LastUpgradeCheck = 0800;
				ORGANIZATIONNAME = "Laura Daufeld";
				TargetAttributes = {
					D3B3F8B41E28EEF2008FD767 = {
						CreatedOnToolsVersion = 8.0;
						ProvisioningStyle = Automatic;
					};
				};
			};
			buildConfigurationList = D3B3F8B01E28EEF1008FD767 /* Build configuration list for PBXProject "GeoTweetLPiOS" */;
			compatibilityVersion = "Xcode 3.2";
			developmentRegion = English;
			hasScannedForEncodings = 0;
			knownRegions = (
				en,
				Base,
			);
			mainGroup = D3B3F8AC1E28EEF1008FD767;
			productRefGroup = D3B3F8B61E28EEF2008FD767 /* Products */;
			projectDirPath = "";
			projectRoot = "";
			targets = (
				D3B3F8B41E28EEF2008FD767 /* GeoTweetLPiOS */,
			);
		};
/* End PBXProject section */

/* Begin PBXResourcesBuildPhase section */
		D3B3F8B31E28EEF2008FD767 /* Resources */ = {
			isa = PBXResourcesBuildPhase;
			buildActionMask = 2147483647;
			files = (
				D337085E1E291E2A00DF6FBE /* TwitterKitResources.bundle in Resources */,
				D3B3F8C31E28EEF2008FD767 /* LaunchScreen.storyboard in Resources */,
				D3B3F8C01E28EEF2008FD767 /* Assets.xcassets in Resources */,
				D3B3F8BE1E28EEF2008FD767 /* Main.storyboard in Resources */,
			);
			runOnlyForDeploymentPostprocessing = 0;
		};
/* End PBXResourcesBuildPhase section */

/* Begin PBXShellScriptBuildPhase section */
		D33708571E291DD200DF6FBE /* ShellScript */ = {
			isa = PBXShellScriptBuildPhase;
			buildActionMask = 2147483647;
			files = (
			);
			inputPaths = (
			);
			outputPaths = (
			);
			runOnlyForDeploymentPostprocessing = 0;
			shellPath = /bin/sh;
			shellScript = "./Fabric.framework/run ef9dedc23d347ffa81f845954098af51862154a0 a6718fac2e529d06b14a0b4d47422c47f4f4c146ea46b804b4c749ca996526ec";
		};
/* End PBXShellScriptBuildPhase section */

/* Begin PBXSourcesBuildPhase section */
		D3B3F8B11E28EEF2008FD767 /* Sources */ = {
			isa = PBXSourcesBuildPhase;
			buildActionMask = 2147483647;
			files = (
				D33708611E2929E000DF6FBE /* SearchTimelineViewController.swift in Sources */,
				D3B3F8BB1E28EEF2008FD767 /* ViewController.swift in Sources */,
				D3B3F8B91E28EEF2008FD767 /* AppDelegate.swift in Sources */,
			);
			runOnlyForDeploymentPostprocessing = 0;
		};
/* End PBXSourcesBuildPhase section */

/* Begin PBXVariantGroup section */
		D3B3F8BC1E28EEF2008FD767 /* Main.storyboard */ = {
			isa = PBXVariantGroup;
			children = (
				D3B3F8BD1E28EEF2008FD767 /* Base */,
			);
			name = Main.storyboard;
			sourceTree = "<group>";
		};
		D3B3F8C11E28EEF2008FD767 /* LaunchScreen.storyboard */ = {
			isa = PBXVariantGroup;
			children = (
				D3B3F8C21E28EEF2008FD767 /* Base */,
			);
			name = LaunchScreen.storyboard;
			sourceTree = "<group>";
		};
/* End PBXVariantGroup section */

/* Begin XCBuildConfiguration section */
		D3B3F8C51E28EEF2008FD767 /* Debug */ = {
			isa = XCBuildConfiguration;
			buildSettings = {
				ALWAYS_SEARCH_USER_PATHS = NO;
				CLANG_ANALYZER_NONNULL = YES;
				CLANG_CXX_LANGUAGE_STANDARD = "gnu++0x";
				CLANG_CXX_LIBRARY = "libc++";
				CLANG_ENABLE_MODULES = YES;
				CLANG_ENABLE_OBJC_ARC = YES;
				CLANG_WARN_BOOL_CONVERSION = YES;
				CLANG_WARN_CONSTANT_CONVERSION = YES;
				CLANG_WARN_DIRECT_OBJC_ISA_USAGE = YES_ERROR;
				CLANG_WARN_DOCUMENTATION_COMMENTS = YES;
				CLANG_WARN_EMPTY_BODY = YES;
				CLANG_WARN_ENUM_CONVERSION = YES;
				CLANG_WARN_INFINITE_RECURSION = YES;
				CLANG_WARN_INT_CONVERSION = YES;
				CLANG_WARN_OBJC_ROOT_CLASS = YES_ERROR;
				CLANG_WARN_SUSPICIOUS_MOVES = YES;
				CLANG_WARN_UNREACHABLE_CODE = YES;
				CLANG_WARN__DUPLICATE_METHOD_MATCH = YES;
				"CODE_SIGN_IDENTITY[sdk=iphoneos*]" = "iPhone Developer";
				COPY_PHASE_STRIP = NO;
				DEBUG_INFORMATION_FORMAT = dwarf;
				ENABLE_STRICT_OBJC_MSGSEND = YES;
				ENABLE_TESTABILITY = YES;
				GCC_C_LANGUAGE_STANDARD = gnu99;
				GCC_DYNAMIC_NO_PIC = NO;
				GCC_NO_COMMON_BLOCKS = YES;
				GCC_OPTIMIZATION_LEVEL = 0;
				GCC_PREPROCESSOR_DEFINITIONS = (
					"DEBUG=1",
					"$(inherited)",
				);
				GCC_WARN_64_TO_32_BIT_CONVERSION = YES;
				GCC_WARN_ABOUT_RETURN_TYPE = YES_ERROR;
				GCC_WARN_UNDECLARED_SELECTOR = YES;
				GCC_WARN_UNINITIALIZED_AUTOS = YES_AGGRESSIVE;
				GCC_WARN_UNUSED_FUNCTION = YES;
				GCC_WARN_UNUSED_VARIABLE = YES;
				IPHONEOS_DEPLOYMENT_TARGET = 10.0;
				MTL_ENABLE_DEBUG_INFO = YES;
				ONLY_ACTIVE_ARCH = YES;
				SDKROOT = iphoneos;
				SWIFT_ACTIVE_COMPILATION_CONDITIONS = DEBUG;
				SWIFT_OPTIMIZATION_LEVEL = "-Onone";
				TARGETED_DEVICE_FAMILY = "1,2";
			};
			name = Debug;
		};
		D3B3F8C61E28EEF2008FD767 /* Release */ = {
			isa = XCBuildConfiguration;
			buildSettings = {
				ALWAYS_SEARCH_USER_PATHS = NO;
				CLANG_ANALYZER_NONNULL = YES;
				CLANG_CXX_LANGUAGE_STANDARD = "gnu++0x";
				CLANG_CXX_LIBRARY = "libc++";
				CLANG_ENABLE_MODULES = YES;
				CLANG_ENABLE_OBJC_ARC = YES;
				CLANG_WARN_BOOL_CONVERSION = YES;
				CLANG_WARN_CONSTANT_CONVERSION = YES;
				CLANG_WARN_DIRECT_OBJC_ISA_USAGE = YES_ERROR;
				CLANG_WARN_DOCUMENTATION_COMMENTS = YES;
				CLANG_WARN_EMPTY_BODY = YES;
				CLANG_WARN_ENUM_CONVERSION = YES;
				CLANG_WARN_INFINITE_RECURSION = YES;
				CLANG_WARN_INT_CONVERSION = YES;
				CLANG_WARN_OBJC_ROOT_CLASS = YES_ERROR;
				CLANG_WARN_SUSPICIOUS_MOVES = YES;
				CLANG_WARN_UNREACHABLE_CODE = YES;
				CLANG_WARN__DUPLICATE_METHOD_MATCH = YES;
				"CODE_SIGN_IDENTITY[sdk=iphoneos*]" = "iPhone Developer";
				COPY_PHASE_STRIP = NO;
				DEBUG_INFORMATION_FORMAT = "dwarf-with-dsym";
				ENABLE_NS_ASSERTIONS = NO;
				ENABLE_STRICT_OBJC_MSGSEND = YES;
				GCC_C_LANGUAGE_STANDARD = gnu99;
				GCC_NO_COMMON_BLOCKS = YES;
				GCC_WARN_64_TO_32_BIT_CONVERSION = YES;
				GCC_WARN_ABOUT_RETURN_TYPE = YES_ERROR;
				GCC_WARN_UNDECLARED_SELECTOR = YES;
				GCC_WARN_UNINITIALIZED_AUTOS = YES_AGGRESSIVE;
				GCC_WARN_UNUSED_FUNCTION = YES;
				GCC_WARN_UNUSED_VARIABLE = YES;
				IPHONEOS_DEPLOYMENT_TARGET = 10.0;
				MTL_ENABLE_DEBUG_INFO = NO;
				SDKROOT = iphoneos;
				SWIFT_OPTIMIZATION_LEVEL = "-Owholemodule";
				TARGETED_DEVICE_FAMILY = "1,2";
				VALIDATE_PRODUCT = YES;
			};
			name = Release;
		};
		D3B3F8C81E28EEF2008FD767 /* Debug */ = {
			isa = XCBuildConfiguration;
			buildSettings = {
				ASSETCATALOG_COMPILER_APPICON_NAME = AppIcon;
				FRAMEWORK_SEARCH_PATHS = (
					"$(inherited)",
					"$(PROJECT_DIR)",
				);
				INFOPLIST_FILE = GeoTweetLPiOS/Info.plist;
				LD_RUNPATH_SEARCH_PATHS = "$(inherited) @executable_path/Frameworks";
				PRODUCT_BUNDLE_IDENTIFIER = ld.GeoTweetLPiOS;
				PRODUCT_NAME = "$(TARGET_NAME)";
				SWIFT_VERSION = 3.0;
			};
			name = Debug;
		};
		D3B3F8C91E28EEF2008FD767 /* Release */ = {
			isa = XCBuildConfiguration;
			buildSettings = {
				ASSETCATALOG_COMPILER_APPICON_NAME = AppIcon;
				FRAMEWORK_SEARCH_PATHS = (
					"$(inherited)",
					"$(PROJECT_DIR)",
				);
				INFOPLIST_FILE = GeoTweetLPiOS/Info.plist;
				LD_RUNPATH_SEARCH_PATHS = "$(inherited) @executable_path/Frameworks";
				PRODUCT_BUNDLE_IDENTIFIER = ld.GeoTweetLPiOS;
				PRODUCT_NAME = "$(TARGET_NAME)";
				SWIFT_VERSION = 3.0;
			};
			name = Release;
		};
/* End XCBuildConfiguration section */

/* Begin XCConfigurationList section */
		D3B3F8B01E28EEF1008FD767 /* Build configuration list for PBXProject "GeoTweetLPiOS" */ = {
			isa = XCConfigurationList;
			buildConfigurations = (
				D3B3F8C51E28EEF2008FD767 /* Debug */,
				D3B3F8C61E28EEF2008FD767 /* Release */,
			);
			defaultConfigurationIsVisible = 0;
			defaultConfigurationName = Release;
		};
		D3B3F8C71E28EEF2008FD767 /* Build configuration list for PBXNativeTarget "GeoTweetLPiOS" */ = {
			isa = XCConfigurationList;
			buildConfigurations = (
				D3B3F8C81E28EEF2008FD767 /* Debug */,
				D3B3F8C91E28EEF2008FD767 /* Release */,
			);
			defaultConfigurationIsVisible = 0;
			defaultConfigurationName = Release;
		};
/* End XCConfigurationList section */
	};
	rootObject = D3B3F8AD1E28EEF1008FD767 /* Project object */;
}
